// !$*UTF8*$!
{
	archiveVersion = 1;
	classes = {
	};
	objectVersion = 55;
	objects = {

/* Begin PBXBuildFile section */
		4534742528A59E470060460B /* MainContainer.swift in Sources */ = {isa = PBXBuildFile; fileRef = 4534742428A59E470060460B /* MainContainer.swift */; };
		45764C0B28A2F2710004E2DF /* AppDelegate.swift in Sources */ = {isa = PBXBuildFile; fileRef = 45764C0A28A2F2710004E2DF /* AppDelegate.swift */; };
		45764C1428A2F2730004E2DF /* Assets.xcassets in Resources */ = {isa = PBXBuildFile; fileRef = 45764C1328A2F2730004E2DF /* Assets.xcassets */; };
		45764C1728A2F2730004E2DF /* LaunchScreen.storyboard in Resources */ = {isa = PBXBuildFile; fileRef = 45764C1528A2F2730004E2DF /* LaunchScreen.storyboard */; };
		458EED7228AC3093003ABC7F /* RocketViewModel.swift in Sources */ = {isa = PBXBuildFile; fileRef = 458EED7128AC3093003ABC7F /* RocketViewModel.swift */; };
		459D4B8228A93B5E00DD26DD /* MainPresenter.swift in Sources */ = {isa = PBXBuildFile; fileRef = 459D4B8128A93B5E00DD26DD /* MainPresenter.swift */; };
		459D4B8628A940D100DD26DD /* MainInteractor.swift in Sources */ = {isa = PBXBuildFile; fileRef = 459D4B8528A940D100DD26DD /* MainInteractor.swift */; };
		459D4B8928A940F300DD26DD /* MainRouter.swift in Sources */ = {isa = PBXBuildFile; fileRef = 459D4B8828A940F300DD26DD /* MainRouter.swift */; };
		459D4B8C28A9414E00DD26DD /* MainViewController.swift in Sources */ = {isa = PBXBuildFile; fileRef = 459D4B8B28A9414E00DD26DD /* MainViewController.swift */; };
		45C4800028AAA3C60003A755 /* Constants.swift in Sources */ = {isa = PBXBuildFile; fileRef = 45C47FFF28AAA3C60003A755 /* Constants.swift */; };
		45C4800228AAA57F0003A755 /* MainProtocols.swift in Sources */ = {isa = PBXBuildFile; fileRef = 45C4800128AAA57F0003A755 /* MainProtocols.swift */; };
		45C4800528AAA5C50003A755 /* MainCoordinator.swift in Sources */ = {isa = PBXBuildFile; fileRef = 45C4800328AAA5C50003A755 /* MainCoordinator.swift */; };
		45C4800628AAA5C50003A755 /* AppCoordinator.swift in Sources */ = {isa = PBXBuildFile; fileRef = 45C4800428AAA5C50003A755 /* AppCoordinator.swift */; };
		45C4800A28AAAC300003A755 /* NetworkService.swift in Sources */ = {isa = PBXBuildFile; fileRef = 45C4800928AAAC300003A755 /* NetworkService.swift */; };
		45C4801728AAE7D50003A755 /* AppDependency.swift in Sources */ = {isa = PBXBuildFile; fileRef = 45C4801628AAE7D50003A755 /* AppDependency.swift */; };
		45C4801D28AAE7DE0003A755 /* RocketsDTO.swift in Sources */ = {isa = PBXBuildFile; fileRef = 45C4801A28AAE7DE0003A755 /* RocketsDTO.swift */; };
		45C4801E28AAE7DE0003A755 /* LaunchesDTO.swift in Sources */ = {isa = PBXBuildFile; fileRef = 45C4801B28AAE7DE0003A755 /* LaunchesDTO.swift */; };
		45C4801F28AAE7DE0003A755 /* SpacexDataService.swift in Sources */ = {isa = PBXBuildFile; fileRef = 45C4801C28AAE7DE0003A755 /* SpacexDataService.swift */; };
/* End PBXBuildFile section */

/* Begin PBXFileReference section */
		4534742428A59E470060460B /* MainContainer.swift */ = {isa = PBXFileReference; lastKnownFileType = sourcecode.swift; path = MainContainer.swift; sourceTree = "<group>"; };
		45764C0728A2F2710004E2DF /* SpaceApp.app */ = {isa = PBXFileReference; explicitFileType = wrapper.application; includeInIndex = 0; path = SpaceApp.app; sourceTree = BUILT_PRODUCTS_DIR; };
		45764C0A28A2F2710004E2DF /* AppDelegate.swift */ = {isa = PBXFileReference; lastKnownFileType = sourcecode.swift; path = AppDelegate.swift; sourceTree = "<group>"; };
		45764C1328A2F2730004E2DF /* Assets.xcassets */ = {isa = PBXFileReference; lastKnownFileType = folder.assetcatalog; path = Assets.xcassets; sourceTree = "<group>"; };
		45764C1628A2F2730004E2DF /* Base */ = {isa = PBXFileReference; lastKnownFileType = file.storyboard; name = Base; path = Base.lproj/LaunchScreen.storyboard; sourceTree = "<group>"; };
		45764C1828A2F2730004E2DF /* Info.plist */ = {isa = PBXFileReference; lastKnownFileType = text.plist.xml; path = Info.plist; sourceTree = "<group>"; };
		458EED7128AC3093003ABC7F /* RocketViewModel.swift */ = {isa = PBXFileReference; lastKnownFileType = sourcecode.swift; path = RocketViewModel.swift; sourceTree = "<group>"; };
		459D4B8128A93B5E00DD26DD /* MainPresenter.swift */ = {isa = PBXFileReference; lastKnownFileType = sourcecode.swift; path = MainPresenter.swift; sourceTree = "<group>"; };
		459D4B8528A940D100DD26DD /* MainInteractor.swift */ = {isa = PBXFileReference; lastKnownFileType = sourcecode.swift; path = MainInteractor.swift; sourceTree = "<group>"; };
		459D4B8828A940F300DD26DD /* MainRouter.swift */ = {isa = PBXFileReference; lastKnownFileType = sourcecode.swift; path = MainRouter.swift; sourceTree = "<group>"; };
		459D4B8B28A9414E00DD26DD /* MainViewController.swift */ = {isa = PBXFileReference; lastKnownFileType = sourcecode.swift; path = MainViewController.swift; sourceTree = "<group>"; };
		45C47FFF28AAA3C60003A755 /* Constants.swift */ = {isa = PBXFileReference; fileEncoding = 4; lastKnownFileType = sourcecode.swift; name = Constants.swift; path = Helpers/Constants.swift; sourceTree = "<group>"; };
		45C4800128AAA57F0003A755 /* MainProtocols.swift */ = {isa = PBXFileReference; fileEncoding = 4; lastKnownFileType = sourcecode.swift; name = MainProtocols.swift; path = Protocols/MainProtocols.swift; sourceTree = "<group>"; };
		45C4800328AAA5C50003A755 /* MainCoordinator.swift */ = {isa = PBXFileReference; fileEncoding = 4; lastKnownFileType = sourcecode.swift; name = MainCoordinator.swift; path = Coordinators/MainCoordinator.swift; sourceTree = "<group>"; };
		45C4800428AAA5C50003A755 /* AppCoordinator.swift */ = {isa = PBXFileReference; fileEncoding = 4; lastKnownFileType = sourcecode.swift; name = AppCoordinator.swift; path = Coordinators/AppCoordinator.swift; sourceTree = "<group>"; };
		45C4800928AAAC300003A755 /* NetworkService.swift */ = {isa = PBXFileReference; fileEncoding = 4; lastKnownFileType = sourcecode.swift; name = NetworkService.swift; path = Services/NetworkService.swift; sourceTree = "<group>"; };
		45C4801628AAE7D50003A755 /* AppDependency.swift */ = {isa = PBXFileReference; fileEncoding = 4; lastKnownFileType = sourcecode.swift; path = AppDependency.swift; sourceTree = "<group>"; };
		45C4801A28AAE7DE0003A755 /* RocketsDTO.swift */ = {isa = PBXFileReference; fileEncoding = 4; lastKnownFileType = sourcecode.swift; path = RocketsDTO.swift; sourceTree = "<group>"; };
		45C4801B28AAE7DE0003A755 /* LaunchesDTO.swift */ = {isa = PBXFileReference; fileEncoding = 4; lastKnownFileType = sourcecode.swift; path = LaunchesDTO.swift; sourceTree = "<group>"; };
		45C4801C28AAE7DE0003A755 /* SpacexDataService.swift */ = {isa = PBXFileReference; fileEncoding = 4; lastKnownFileType = sourcecode.swift; path = SpacexDataService.swift; sourceTree = "<group>"; };
/* End PBXFileReference section */

/* Begin PBXFrameworksBuildPhase section */
		45764C0428A2F2710004E2DF /* Frameworks */ = {
			isa = PBXFrameworksBuildPhase;
			buildActionMask = 2147483647;
			files = (
			);
			runOnlyForDeploymentPostprocessing = 0;
		};
/* End PBXFrameworksBuildPhase section */

/* Begin PBXGroup section */
		4534742128A596B00060460B /* Helpers */ = {
			isa = PBXGroup;
			children = (
				45C47FFF28AAA3C60003A755 /* Constants.swift */,
			);
			name = Helpers;
			sourceTree = "<group>";
		};
		4534742228A596CD0060460B /* Extensions */ = {
			isa = PBXGroup;
			children = (
			);
			name = Extensions;
			sourceTree = "<group>";
		};
		4534742328A59E1C0060460B /* MainModule */ = {
			isa = PBXGroup;
			children = (
				459D4B7F28A93B2D00DD26DD /* Container */,
				459D4B8028A93B3600DD26DD /* Protocols */,
				459D4B8A28A9413B00DD26DD /* ViewController */,
				459D4B8328A93B6600DD26DD /* Presenter */,
				459D4B8728A940E100DD26DD /* Router */,
				459D4B8428A940B600DD26DD /* Interactor */,
			);
			path = MainModule;
			sourceTree = "<group>";
		};
		4569DE9928A98DC20001099A /* Coordinators */ = {
			isa = PBXGroup;
			children = (
				45C4800428AAA5C50003A755 /* AppCoordinator.swift */,
				45C4800328AAA5C50003A755 /* MainCoordinator.swift */,
			);
			name = Coordinators;
			sourceTree = "<group>";
		};
		4569DE9A28A98DFA0001099A /* Services */ = {
			isa = PBXGroup;
			children = (
				45C4800928AAAC300003A755 /* NetworkService.swift */,
				45C4801828AAE7DE0003A755 /* SpacexDataService */,
			);
			name = Services;
			sourceTree = "<group>";
		};
		45764BFE28A2F2710004E2DF = {
			isa = PBXGroup;
			children = (
				45764C0928A2F2710004E2DF /* SpaceApp */,
				45764C0828A2F2710004E2DF /* Products */,
			);
			sourceTree = "<group>";
		};
		45764C0828A2F2710004E2DF /* Products */ = {
			isa = PBXGroup;
			children = (
				45764C0728A2F2710004E2DF /* SpaceApp.app */,
			);
			name = Products;
			sourceTree = "<group>";
		};
		45764C0928A2F2710004E2DF /* SpaceApp */ = {
			isa = PBXGroup;
			children = (
				45764C1F28A2FE940004E2DF /* Application */,
				45C4801528AAE7D50003A755 /* Dependencies */,
				4569DE9928A98DC20001099A /* Coordinators */,
				4569DE9A28A98DFA0001099A /* Services */,
				45764C2028A2FEB20004E2DF /* Screens */,
				4534742228A596CD0060460B /* Extensions */,
				4534742128A596B00060460B /* Helpers */,
				45764C1E28A2FE760004E2DF /* Resources */,
			);
			path = SpaceApp;
			sourceTree = "<group>";
		};
		45764C1E28A2FE760004E2DF /* Resources */ = {
			isa = PBXGroup;
			children = (
				45764C1328A2F2730004E2DF /* Assets.xcassets */,
				45764C1528A2F2730004E2DF /* LaunchScreen.storyboard */,
				45764C1828A2F2730004E2DF /* Info.plist */,
			);
			path = Resources;
			sourceTree = "<group>";
		};
		45764C1F28A2FE940004E2DF /* Application */ = {
			isa = PBXGroup;
			children = (
				45764C0A28A2F2710004E2DF /* AppDelegate.swift */,
			);
			path = Application;
			sourceTree = "<group>";
		};
		45764C2028A2FEB20004E2DF /* Screens */ = {
			isa = PBXGroup;
			children = (
				4534742328A59E1C0060460B /* MainModule */,
			);
			path = Screens;
			sourceTree = "<group>";
		};
		458EED7028AC3060003ABC7F /* ViewModels */ = {
			isa = PBXGroup;
			children = (
				458EED7128AC3093003ABC7F /* RocketViewModel.swift */,
			);
			path = ViewModels;
			sourceTree = "<group>";
		};
		459D4B7F28A93B2D00DD26DD /* Container */ = {
			isa = PBXGroup;
			children = (
				4534742428A59E470060460B /* MainContainer.swift */,
			);
			path = Container;
			sourceTree = "<group>";
		};
		459D4B8028A93B3600DD26DD /* Protocols */ = {
			isa = PBXGroup;
			children = (
				45C4800128AAA57F0003A755 /* MainProtocols.swift */,
			);
			name = Protocols;
			sourceTree = "<group>";
		};
		459D4B8328A93B6600DD26DD /* Presenter */ = {
			isa = PBXGroup;
			children = (
				459D4B8128A93B5E00DD26DD /* MainPresenter.swift */,
			);
			path = Presenter;
			sourceTree = "<group>";
		};
		459D4B8428A940B600DD26DD /* Interactor */ = {
			isa = PBXGroup;
			children = (
				459D4B8528A940D100DD26DD /* MainInteractor.swift */,
			);
			path = Interactor;
			sourceTree = "<group>";
		};
		459D4B8728A940E100DD26DD /* Router */ = {
			isa = PBXGroup;
			children = (
				459D4B8828A940F300DD26DD /* MainRouter.swift */,
			);
			path = Router;
			sourceTree = "<group>";
		};
		459D4B8A28A9413B00DD26DD /* ViewController */ = {
			isa = PBXGroup;
			children = (
				459D4B8B28A9414E00DD26DD /* MainViewController.swift */,
				458EED7028AC3060003ABC7F /* ViewModels */,
			);
			path = ViewController;
			sourceTree = "<group>";
		};
		45C4801528AAE7D50003A755 /* Dependencies */ = {
			isa = PBXGroup;
			children = (
				45C4801628AAE7D50003A755 /* AppDependency.swift */,
			);
			path = Dependencies;
			sourceTree = "<group>";
		};
		45C4801828AAE7DE0003A755 /* SpacexDataService */ = {
			isa = PBXGroup;
			children = (
				45C4801928AAE7DE0003A755 /* DTO */,
				45C4801C28AAE7DE0003A755 /* SpacexDataService.swift */,
			);
			name = SpacexDataService;
			path = Services/SpacexDataService;
			sourceTree = "<group>";
		};
		45C4801928AAE7DE0003A755 /* DTO */ = {
			isa = PBXGroup;
			children = (
				45C4801A28AAE7DE0003A755 /* RocketsDTO.swift */,
				45C4801B28AAE7DE0003A755 /* LaunchesDTO.swift */,
			);
			path = DTO;
			sourceTree = "<group>";
		};
/* End PBXGroup section */

/* Begin PBXNativeTarget section */
		45764C0628A2F2710004E2DF /* SpaceApp */ = {
			isa = PBXNativeTarget;
			buildConfigurationList = 45764C1B28A2F2730004E2DF /* Build configuration list for PBXNativeTarget "SpaceApp" */;
			buildPhases = (
				45764C0328A2F2710004E2DF /* Sources */,
				45764C0428A2F2710004E2DF /* Frameworks */,
				45764C0528A2F2710004E2DF /* Resources */,
			);
			buildRules = (
			);
			dependencies = (
			);
			name = SpaceApp;
			productName = SpaceApp;
			productReference = 45764C0728A2F2710004E2DF /* SpaceApp.app */;
			productType = "com.apple.product-type.application";
		};
/* End PBXNativeTarget section */

/* Begin PBXProject section */
		45764BFF28A2F2710004E2DF /* Project object */ = {
			isa = PBXProject;
			attributes = {
				BuildIndependentTargetsInParallel = 1;
				LastSwiftUpdateCheck = 1320;
				LastUpgradeCheck = 1320;
				TargetAttributes = {
					45764C0628A2F2710004E2DF = {
						CreatedOnToolsVersion = 13.2.1;
					};
				};
			};
			buildConfigurationList = 45764C0228A2F2710004E2DF /* Build configuration list for PBXProject "SpaceApp" */;
			compatibilityVersion = "Xcode 13.0";
			developmentRegion = en;
			hasScannedForEncodings = 0;
			knownRegions = (
				en,
				Base,
			);
			mainGroup = 45764BFE28A2F2710004E2DF;
			productRefGroup = 45764C0828A2F2710004E2DF /* Products */;
			projectDirPath = "";
			projectRoot = "";
			targets = (
				45764C0628A2F2710004E2DF /* SpaceApp */,
			);
		};
/* End PBXProject section */

/* Begin PBXResourcesBuildPhase section */
		45764C0528A2F2710004E2DF /* Resources */ = {
			isa = PBXResourcesBuildPhase;
			buildActionMask = 2147483647;
			files = (
				45764C1728A2F2730004E2DF /* LaunchScreen.storyboard in Resources */,
				45764C1428A2F2730004E2DF /* Assets.xcassets in Resources */,
			);
			runOnlyForDeploymentPostprocessing = 0;
		};
/* End PBXResourcesBuildPhase section */

/* Begin PBXSourcesBuildPhase section */
		45764C0328A2F2710004E2DF /* Sources */ = {
			isa = PBXSourcesBuildPhase;
			buildActionMask = 2147483647;
			files = (
				45C4800A28AAAC300003A755 /* NetworkService.swift in Sources */,
				459D4B8928A940F300DD26DD /* MainRouter.swift in Sources */,
				45C4800028AAA3C60003A755 /* Constants.swift in Sources */,
				45C4801F28AAE7DE0003A755 /* SpacexDataService.swift in Sources */,
				458EED7228AC3093003ABC7F /* RocketViewModel.swift in Sources */,
				45C4800628AAA5C50003A755 /* AppCoordinator.swift in Sources */,
				459D4B8228A93B5E00DD26DD /* MainPresenter.swift in Sources */,
				45764C0B28A2F2710004E2DF /* AppDelegate.swift in Sources */,
				45C4801E28AAE7DE0003A755 /* LaunchesDTO.swift in Sources */,
				45C4801728AAE7D50003A755 /* AppDependency.swift in Sources */,
				4534742528A59E470060460B /* MainContainer.swift in Sources */,
				459D4B8C28A9414E00DD26DD /* MainViewController.swift in Sources */,
				459D4B8628A940D100DD26DD /* MainInteractor.swift in Sources */,
				45C4800528AAA5C50003A755 /* MainCoordinator.swift in Sources */,
				45C4800228AAA57F0003A755 /* MainProtocols.swift in Sources */,
				45C4801D28AAE7DE0003A755 /* RocketsDTO.swift in Sources */,
			);
			runOnlyForDeploymentPostprocessing = 0;
		};
/* End PBXSourcesBuildPhase section */

/* Begin PBXVariantGroup section */
		45764C1528A2F2730004E2DF /* LaunchScreen.storyboard */ = {
			isa = PBXVariantGroup;
			children = (
				45764C1628A2F2730004E2DF /* Base */,
			);
			name = LaunchScreen.storyboard;
			sourceTree = "<group>";
		};
/* End PBXVariantGroup section */

/* Begin XCBuildConfiguration section */
		45764C1928A2F2730004E2DF /* Debug */ = {
			isa = XCBuildConfiguration;
			buildSettings = {
				ALWAYS_SEARCH_USER_PATHS = NO;
				CLANG_ANALYZER_NONNULL = YES;
				CLANG_ANALYZER_NUMBER_OBJECT_CONVERSION = YES_AGGRESSIVE;
				CLANG_CXX_LANGUAGE_STANDARD = "gnu++17";
				CLANG_CXX_LIBRARY = "libc++";
				CLANG_ENABLE_MODULES = YES;
				CLANG_ENABLE_OBJC_ARC = YES;
				CLANG_ENABLE_OBJC_WEAK = YES;
				CLANG_WARN_BLOCK_CAPTURE_AUTORELEASING = YES;
				CLANG_WARN_BOOL_CONVERSION = YES;
				CLANG_WARN_COMMA = YES;
				CLANG_WARN_CONSTANT_CONVERSION = YES;
				CLANG_WARN_DEPRECATED_OBJC_IMPLEMENTATIONS = YES;
				CLANG_WARN_DIRECT_OBJC_ISA_USAGE = YES_ERROR;
				CLANG_WARN_DOCUMENTATION_COMMENTS = YES;
				CLANG_WARN_EMPTY_BODY = YES;
				CLANG_WARN_ENUM_CONVERSION = YES;
				CLANG_WARN_INFINITE_RECURSION = YES;
				CLANG_WARN_INT_CONVERSION = YES;
				CLANG_WARN_NON_LITERAL_NULL_CONVERSION = YES;
				CLANG_WARN_OBJC_IMPLICIT_RETAIN_SELF = YES;
				CLANG_WARN_OBJC_LITERAL_CONVERSION = YES;
				CLANG_WARN_OBJC_ROOT_CLASS = YES_ERROR;
				CLANG_WARN_QUOTED_INCLUDE_IN_FRAMEWORK_HEADER = YES;
				CLANG_WARN_RANGE_LOOP_ANALYSIS = YES;
				CLANG_WARN_STRICT_PROTOTYPES = YES;
				CLANG_WARN_SUSPICIOUS_MOVE = YES;
				CLANG_WARN_UNGUARDED_AVAILABILITY = YES_AGGRESSIVE;
				CLANG_WARN_UNREACHABLE_CODE = YES;
				CLANG_WARN__DUPLICATE_METHOD_MATCH = YES;
				COPY_PHASE_STRIP = NO;
				DEBUG_INFORMATION_FORMAT = dwarf;
				ENABLE_STRICT_OBJC_MSGSEND = YES;
				ENABLE_TESTABILITY = YES;
				GCC_C_LANGUAGE_STANDARD = gnu11;
				GCC_DYNAMIC_NO_PIC = NO;
				GCC_NO_COMMON_BLOCKS = YES;
				GCC_OPTIMIZATION_LEVEL = 0;
				GCC_PREPROCESSOR_DEFINITIONS = (
					"DEBUG=1",
					"$(inherited)",
				);
				GCC_WARN_64_TO_32_BIT_CONVERSION = YES;
				GCC_WARN_ABOUT_RETURN_TYPE = YES_ERROR;
				GCC_WARN_UNDECLARED_SELECTOR = YES;
				GCC_WARN_UNINITIALIZED_AUTOS = YES_AGGRESSIVE;
				GCC_WARN_UNUSED_FUNCTION = YES;
				GCC_WARN_UNUSED_VARIABLE = YES;
				IPHONEOS_DEPLOYMENT_TARGET = 12.4;
				MTL_ENABLE_DEBUG_INFO = INCLUDE_SOURCE;
				MTL_FAST_MATH = YES;
				ONLY_ACTIVE_ARCH = YES;
				SDKROOT = iphoneos;
				SWIFT_ACTIVE_COMPILATION_CONDITIONS = DEBUG;
				SWIFT_OPTIMIZATION_LEVEL = "-Onone";
			};
			name = Debug;
		};
		45764C1A28A2F2730004E2DF /* Release */ = {
			isa = XCBuildConfiguration;
			buildSettings = {
				ALWAYS_SEARCH_USER_PATHS = NO;
				CLANG_ANALYZER_NONNULL = YES;
				CLANG_ANALYZER_NUMBER_OBJECT_CONVERSION = YES_AGGRESSIVE;
				CLANG_CXX_LANGUAGE_STANDARD = "gnu++17";
				CLANG_CXX_LIBRARY = "libc++";
				CLANG_ENABLE_MODULES = YES;
				CLANG_ENABLE_OBJC_ARC = YES;
				CLANG_ENABLE_OBJC_WEAK = YES;
				CLANG_WARN_BLOCK_CAPTURE_AUTORELEASING = YES;
				CLANG_WARN_BOOL_CONVERSION = YES;
				CLANG_WARN_COMMA = YES;
				CLANG_WARN_CONSTANT_CONVERSION = YES;
				CLANG_WARN_DEPRECATED_OBJC_IMPLEMENTATIONS = YES;
				CLANG_WARN_DIRECT_OBJC_ISA_USAGE = YES_ERROR;
				CLANG_WARN_DOCUMENTATION_COMMENTS = YES;
				CLANG_WARN_EMPTY_BODY = YES;
				CLANG_WARN_ENUM_CONVERSION = YES;
				CLANG_WARN_INFINITE_RECURSION = YES;
				CLANG_WARN_INT_CONVERSION = YES;
				CLANG_WARN_NON_LITERAL_NULL_CONVERSION = YES;
				CLANG_WARN_OBJC_IMPLICIT_RETAIN_SELF = YES;
				CLANG_WARN_OBJC_LITERAL_CONVERSION = YES;
				CLANG_WARN_OBJC_ROOT_CLASS = YES_ERROR;
				CLANG_WARN_QUOTED_INCLUDE_IN_FRAMEWORK_HEADER = YES;
				CLANG_WARN_RANGE_LOOP_ANALYSIS = YES;
				CLANG_WARN_STRICT_PROTOTYPES = YES;
				CLANG_WARN_SUSPICIOUS_MOVE = YES;
				CLANG_WARN_UNGUARDED_AVAILABILITY = YES_AGGRESSIVE;
				CLANG_WARN_UNREACHABLE_CODE = YES;
				CLANG_WARN__DUPLICATE_METHOD_MATCH = YES;
				COPY_PHASE_STRIP = NO;
				DEBUG_INFORMATION_FORMAT = "dwarf-with-dsym";
				ENABLE_NS_ASSERTIONS = NO;
				ENABLE_STRICT_OBJC_MSGSEND = YES;
				GCC_C_LANGUAGE_STANDARD = gnu11;
				GCC_NO_COMMON_BLOCKS = YES;
				GCC_WARN_64_TO_32_BIT_CONVERSION = YES;
				GCC_WARN_ABOUT_RETURN_TYPE = YES_ERROR;
				GCC_WARN_UNDECLARED_SELECTOR = YES;
				GCC_WARN_UNINITIALIZED_AUTOS = YES_AGGRESSIVE;
				GCC_WARN_UNUSED_FUNCTION = YES;
				GCC_WARN_UNUSED_VARIABLE = YES;
				IPHONEOS_DEPLOYMENT_TARGET = 12.4;
				MTL_ENABLE_DEBUG_INFO = NO;
				MTL_FAST_MATH = YES;
				SDKROOT = iphoneos;
				SWIFT_COMPILATION_MODE = wholemodule;
				SWIFT_OPTIMIZATION_LEVEL = "-O";
				VALIDATE_PRODUCT = YES;
			};
			name = Release;
		};
		45764C1C28A2F2730004E2DF /* Debug */ = {
			isa = XCBuildConfiguration;
			buildSettings = {
				ASSETCATALOG_COMPILER_APPICON_NAME = AppIcon;
				ASSETCATALOG_COMPILER_GLOBAL_ACCENT_COLOR_NAME = AccentColor;
				CODE_SIGN_STYLE = Automatic;
				CURRENT_PROJECT_VERSION = 1;
				GENERATE_INFOPLIST_FILE = YES;
				INFOPLIST_FILE = SpaceApp/Resources/Info.plist;
				INFOPLIST_KEY_UIApplicationSupportsIndirectInputEvents = YES;
				INFOPLIST_KEY_UILaunchStoryboardName = LaunchScreen;
				INFOPLIST_KEY_UISupportedInterfaceOrientations = UIInterfaceOrientationPortrait;
				INFOPLIST_KEY_UISupportedInterfaceOrientations_iPad = "UIInterfaceOrientationPortrait UIInterfaceOrientationPortraitUpsideDown UIInterfaceOrientationLandscapeLeft UIInterfaceOrientationLandscapeRight";
				INFOPLIST_KEY_UISupportedInterfaceOrientations_iPhone = "UIInterfaceOrientationPortrait UIInterfaceOrientationLandscapeLeft UIInterfaceOrientationLandscapeRight";
				IPHONEOS_DEPLOYMENT_TARGET = 12.4;
				LD_RUNPATH_SEARCH_PATHS = (
					"$(inherited)",
					"@executable_path/Frameworks",
				);
				MARKETING_VERSION = 1.0;
				PRODUCT_BUNDLE_IDENTIFIER = com.borisbolsh.SpaceApp;
				PRODUCT_NAME = "$(TARGET_NAME)";
				SWIFT_EMIT_LOC_STRINGS = YES;
				SWIFT_VERSION = 5.0;
				TARGETED_DEVICE_FAMILY = 1;
			};
			name = Debug;
		};
		45764C1D28A2F2730004E2DF /* Release */ = {
			isa = XCBuildConfiguration;
			buildSettings = {
				ASSETCATALOG_COMPILER_APPICON_NAME = AppIcon;
				ASSETCATALOG_COMPILER_GLOBAL_ACCENT_COLOR_NAME = AccentColor;
				CODE_SIGN_STYLE = Automatic;
				CURRENT_PROJECT_VERSION = 1;
				GENERATE_INFOPLIST_FILE = YES;
				INFOPLIST_FILE = SpaceApp/Resources/Info.plist;
				INFOPLIST_KEY_UIApplicationSupportsIndirectInputEvents = YES;
				INFOPLIST_KEY_UILaunchStoryboardName = LaunchScreen;
				INFOPLIST_KEY_UISupportedInterfaceOrientations = UIInterfaceOrientationPortrait;
				INFOPLIST_KEY_UISupportedInterfaceOrientations_iPad = "UIInterfaceOrientationPortrait UIInterfaceOrientationPortraitUpsideDown UIInterfaceOrientationLandscapeLeft UIInterfaceOrientationLandscapeRight";
				INFOPLIST_KEY_UISupportedInterfaceOrientations_iPhone = "UIInterfaceOrientationPortrait UIInterfaceOrientationLandscapeLeft UIInterfaceOrientationLandscapeRight";
				IPHONEOS_DEPLOYMENT_TARGET = 12.4;
				LD_RUNPATH_SEARCH_PATHS = (
					"$(inherited)",
					"@executable_path/Frameworks",
				);
				MARKETING_VERSION = 1.0;
				PRODUCT_BUNDLE_IDENTIFIER = com.borisbolsh.SpaceApp;
				PRODUCT_NAME = "$(TARGET_NAME)";
				SWIFT_EMIT_LOC_STRINGS = YES;
				SWIFT_VERSION = 5.0;
				TARGETED_DEVICE_FAMILY = 1;
			};
			name = Release;
		};
/* End XCBuildConfiguration section */

/* Begin XCConfigurationList section */
		45764C0228A2F2710004E2DF /* Build configuration list for PBXProject "SpaceApp" */ = {
			isa = XCConfigurationList;
			buildConfigurations = (
				45764C1928A2F2730004E2DF /* Debug */,
				45764C1A28A2F2730004E2DF /* Release */,
			);
			defaultConfigurationIsVisible = 0;
			defaultConfigurationName = Release;
		};
		45764C1B28A2F2730004E2DF /* Build configuration list for PBXNativeTarget "SpaceApp" */ = {
			isa = XCConfigurationList;
			buildConfigurations = (
				45764C1C28A2F2730004E2DF /* Debug */,
				45764C1D28A2F2730004E2DF /* Release */,
			);
			defaultConfigurationIsVisible = 0;
			defaultConfigurationName = Release;
		};
/* End XCConfigurationList section */
	};
	rootObject = 45764BFF28A2F2710004E2DF /* Project object */;
}
